
Microsoft Visual Studio Solution File, Format Version 12.00
# Visual Studio Version 17
VisualStudioVersion = 17.13.35825.156
MinimumVisualStudioVersion = 10.0.40219.1
Project("{FAE04EC0-301F-11D3-BF4B-00C04F79EFBC}") = "ConsoleApp1", "ConsoleApp1\ConsoleApp1.csproj", "{8365C1CE-35A9-4D0A-AFCF-D40F87832687}"
EndProject
Global
	GlobalSection(SolutionConfigurationPlatforms) = preSolution
		Debug|Any CPU = Debug|Any CPU
		Release|Any CPU = Release|Any CPU
	EndGlobalSection
	GlobalSection(ProjectConfigurationPlatforms) = postSolution
		{8365C1CE-35A9-4D0A-AFCF-D40F87832687}.Debug|Any CPU.ActiveCfg = Debug|Any CPU
		{8365C1CE-35A9-4D0A-AFCF-D40F87832687}.Debug|Any CPU.Build.0 = Debug|Any CPU
		{8365C1CE-35A9-4D0A-AFCF-D40F87832687}.Release|Any CPU.ActiveCfg = Release|Any CPU
		{8365C1CE-35A9-4D0A-AFCF-D40F87832687}.Release|Any CPU.Build.0 = Release|Any CPU
	EndGlobalSection
	GlobalSection(SolutionProperties) = preSolution
		HideSolutionNode = FALSE
	EndGlobalSection
	GlobalSection(ExtensibilityGlobals) = postSolution
		SolutionGuid = {E2453F43-EC8F-4B9F-9CF9-F57613D1A245}
	EndGlobalSection
EndGlobal
